// !$*UTF8*$!
{
	archiveVersion = 1;
	classes = {
	};
	objectVersion = 50;
	objects = {

/* Begin PBXBuildFile section */
		271FB74120B81AE900582D3D /* Jam-Common-Framework.xcconfig in Resources */ = {isa = PBXBuildFile; fileRef = 271FB74020B81AE900582D3D /* Jam-Common-Framework.xcconfig */; };
		271FB74420B81BA400582D3D /* ObjectiveC.h in Headers */ = {isa = PBXBuildFile; fileRef = 271FB74220B81BA400582D3D /* ObjectiveC.h */; settings = {ATTRIBUTES = (Public, ); }; };
		271FB74520B81BA400582D3D /* ObjectiveC.m in Sources */ = {isa = PBXBuildFile; fileRef = 271FB74320B81BA400582D3D /* ObjectiveC.m */; };
		274B247520B8125700404890 /* AnimationManager.swift in Sources */ = {isa = PBXBuildFile; fileRef = 274B247420B8125700404890 /* AnimationManager.swift */; };
		274B247720B8145700404890 /* Boat_Loader.json in Resources */ = {isa = PBXBuildFile; fileRef = 274B247620B8145700404890 /* Boat_Loader.json */; };
		27F660EA20B8110100083E7E /* Animation.framework in Frameworks */ = {isa = PBXBuildFile; fileRef = 27F660E020B8110100083E7E /* Animation.framework */; };
		27F660EF20B8110100083E7E /* AnimationTests.swift in Sources */ = {isa = PBXBuildFile; fileRef = 27F660EE20B8110100083E7E /* AnimationTests.swift */; };
		27F660F120B8110100083E7E /* Animation.h in Headers */ = {isa = PBXBuildFile; fileRef = 27F660E320B8110100083E7E /* Animation.h */; settings = {ATTRIBUTES = (Public, ); }; };
		B56ABBC993BFF35CAF0F753E /* Pods_Animation.framework in Frameworks */ = {isa = PBXBuildFile; fileRef = 0B4502799BDAD99A9F6C964A /* Pods_Animation.framework */; };
		DE67E15CCE36811B97462958 /* Pods_AnimationTests.framework in Frameworks */ = {isa = PBXBuildFile; fileRef = F623209D887797B92948F5A6 /* Pods_AnimationTests.framework */; };
/* End PBXBuildFile section */

/* Begin PBXContainerItemProxy section */
		27F660EB20B8110100083E7E /* PBXContainerItemProxy */ = {
			isa = PBXContainerItemProxy;
			containerPortal = 27F660D720B8110100083E7E /* Project object */;
			proxyType = 1;
			remoteGlobalIDString = 27F660DF20B8110100083E7E;
			remoteInfo = Animation;
		};
/* End PBXContainerItemProxy section */

/* Begin PBXFileReference section */
		0B4502799BDAD99A9F6C964A /* Pods_Animation.framework */ = {isa = PBXFileReference; explicitFileType = wrapper.framework; includeInIndex = 0; path = Pods_Animation.framework; sourceTree = BUILT_PRODUCTS_DIR; };
		271FB74020B81AE900582D3D /* Jam-Common-Framework.xcconfig */ = {isa = PBXFileReference; fileEncoding = 4; lastKnownFileType = text.xcconfig; name = "Jam-Common-Framework.xcconfig"; path = "../../Lottie-Example-Swift/xcconfigs/Jam-Common-Framework.xcconfig"; sourceTree = "<group>"; };
		271FB74220B81BA400582D3D /* ObjectiveC.h */ = {isa = PBXFileReference; lastKnownFileType = sourcecode.c.h; path = ObjectiveC.h; sourceTree = "<group>"; };
		271FB74320B81BA400582D3D /* ObjectiveC.m */ = {isa = PBXFileReference; lastKnownFileType = sourcecode.c.objc; path = ObjectiveC.m; sourceTree = "<group>"; };
		274B247420B8125700404890 /* AnimationManager.swift */ = {isa = PBXFileReference; lastKnownFileType = sourcecode.swift; path = AnimationManager.swift; sourceTree = "<group>"; };
		274B247620B8145700404890 /* Boat_Loader.json */ = {isa = PBXFileReference; fileEncoding = 4; lastKnownFileType = text.json; path = Boat_Loader.json; sourceTree = "<group>"; };
		27F660E020B8110100083E7E /* Animation.framework */ = {isa = PBXFileReference; explicitFileType = wrapper.framework; includeInIndex = 0; path = Animation.framework; sourceTree = BUILT_PRODUCTS_DIR; };
		27F660E320B8110100083E7E /* Animation.h */ = {isa = PBXFileReference; lastKnownFileType = sourcecode.c.h; path = Animation.h; sourceTree = "<group>"; };
		27F660E420B8110100083E7E /* Info.plist */ = {isa = PBXFileReference; lastKnownFileType = text.plist.xml; path = Info.plist; sourceTree = "<group>"; };
		27F660E920B8110100083E7E /* AnimationTests.xctest */ = {isa = PBXFileReference; explicitFileType = wrapper.cfbundle; includeInIndex = 0; path = AnimationTests.xctest; sourceTree = BUILT_PRODUCTS_DIR; };
		27F660EE20B8110100083E7E /* AnimationTests.swift */ = {isa = PBXFileReference; lastKnownFileType = sourcecode.swift; path = AnimationTests.swift; sourceTree = "<group>"; };
		27F660F020B8110100083E7E /* Info.plist */ = {isa = PBXFileReference; lastKnownFileType = text.plist.xml; path = Info.plist; sourceTree = "<group>"; };
		2D9DCC81CFA56966D4960E57 /* Pods-Animation.debug.xcconfig */ = {isa = PBXFileReference; includeInIndex = 1; lastKnownFileType = text.xcconfig; name = "Pods-Animation.debug.xcconfig"; path = "../Pods/Target Support Files/Pods-Animation/Pods-Animation.debug.xcconfig"; sourceTree = "<group>"; };
		2F5099112A85C2B5BF3B0C97 /* Pods-AnimationTests.release.xcconfig */ = {isa = PBXFileReference; includeInIndex = 1; lastKnownFileType = text.xcconfig; name = "Pods-AnimationTests.release.xcconfig"; path = "../Pods/Target Support Files/Pods-AnimationTests/Pods-AnimationTests.release.xcconfig"; sourceTree = "<group>"; };
		4EDD6384DBDD6A5522C61D51 /* Pods-Animation.release.xcconfig */ = {isa = PBXFileReference; includeInIndex = 1; lastKnownFileType = text.xcconfig; name = "Pods-Animation.release.xcconfig"; path = "../Pods/Target Support Files/Pods-Animation/Pods-Animation.release.xcconfig"; sourceTree = "<group>"; };
		F623209D887797B92948F5A6 /* Pods_AnimationTests.framework */ = {isa = PBXFileReference; explicitFileType = wrapper.framework; includeInIndex = 0; path = Pods_AnimationTests.framework; sourceTree = BUILT_PRODUCTS_DIR; };
		F92700B93561309715D07B22 /* Pods-AnimationTests.debug.xcconfig */ = {isa = PBXFileReference; includeInIndex = 1; lastKnownFileType = text.xcconfig; name = "Pods-AnimationTests.debug.xcconfig"; path = "../Pods/Target Support Files/Pods-AnimationTests/Pods-AnimationTests.debug.xcconfig"; sourceTree = "<group>"; };
/* End PBXFileReference section */

/* Begin PBXFrameworksBuildPhase section */
		27F660DC20B8110100083E7E /* Frameworks */ = {
			isa = PBXFrameworksBuildPhase;
			buildActionMask = 2147483647;
			files = (
				B56ABBC993BFF35CAF0F753E /* Pods_Animation.framework in Frameworks */,
			);
			runOnlyForDeploymentPostprocessing = 0;
		};
		27F660E620B8110100083E7E /* Frameworks */ = {
			isa = PBXFrameworksBuildPhase;
			buildActionMask = 2147483647;
			files = (
				27F660EA20B8110100083E7E /* Animation.framework in Frameworks */,
				DE67E15CCE36811B97462958 /* Pods_AnimationTests.framework in Frameworks */,
			);
			runOnlyForDeploymentPostprocessing = 0;
		};
/* End PBXFrameworksBuildPhase section */

/* Begin PBXGroup section */
		23781944AD2265A40D616EAB /* Pods */ = {
			isa = PBXGroup;
			children = (
				2D9DCC81CFA56966D4960E57 /* Pods-Animation.debug.xcconfig */,
				4EDD6384DBDD6A5522C61D51 /* Pods-Animation.release.xcconfig */,
				F92700B93561309715D07B22 /* Pods-AnimationTests.debug.xcconfig */,
				2F5099112A85C2B5BF3B0C97 /* Pods-AnimationTests.release.xcconfig */,
			);
			name = Pods;
			sourceTree = "<group>";
		};
		27F660D620B8110100083E7E = {
			isa = PBXGroup;
			children = (
				27F660E220B8110100083E7E /* Animation */,
				27F660ED20B8110100083E7E /* AnimationTests */,
				27F660E120B8110100083E7E /* Products */,
				23781944AD2265A40D616EAB /* Pods */,
				BBC18400FBF9A7B768C261BE /* Frameworks */,
			);
			sourceTree = "<group>";
		};
		27F660E120B8110100083E7E /* Products */ = {
			isa = PBXGroup;
			children = (
				27F660E020B8110100083E7E /* Animation.framework */,
				27F660E920B8110100083E7E /* AnimationTests.xctest */,
			);
			name = Products;
			sourceTree = "<group>";
		};
		27F660E220B8110100083E7E /* Animation */ = {
			isa = PBXGroup;
			children = (
				271FB74020B81AE900582D3D /* Jam-Common-Framework.xcconfig */,
				274B247620B8145700404890 /* Boat_Loader.json */,
				27F660E320B8110100083E7E /* Animation.h */,
				27F660E420B8110100083E7E /* Info.plist */,
				274B247420B8125700404890 /* AnimationManager.swift */,
				271FB74220B81BA400582D3D /* ObjectiveC.h */,
				271FB74320B81BA400582D3D /* ObjectiveC.m */,
			);
			path = Animation;
			sourceTree = "<group>";
		};
		27F660ED20B8110100083E7E /* AnimationTests */ = {
			isa = PBXGroup;
			children = (
				27F660EE20B8110100083E7E /* AnimationTests.swift */,
				27F660F020B8110100083E7E /* Info.plist */,
			);
			path = AnimationTests;
			sourceTree = "<group>";
		};
		BBC18400FBF9A7B768C261BE /* Frameworks */ = {
			isa = PBXGroup;
			children = (
				0B4502799BDAD99A9F6C964A /* Pods_Animation.framework */,
				F623209D887797B92948F5A6 /* Pods_AnimationTests.framework */,
			);
			name = Frameworks;
			sourceTree = "<group>";
		};
/* End PBXGroup section */

/* Begin PBXHeadersBuildPhase section */
		27F660DD20B8110100083E7E /* Headers */ = {
			isa = PBXHeadersBuildPhase;
			buildActionMask = 2147483647;
			files = (
				271FB74420B81BA400582D3D /* ObjectiveC.h in Headers */,
				27F660F120B8110100083E7E /* Animation.h in Headers */,
			);
			runOnlyForDeploymentPostprocessing = 0;
		};
/* End PBXHeadersBuildPhase section */

/* Begin PBXNativeTarget section */
		27F660DF20B8110100083E7E /* Animation */ = {
			isa = PBXNativeTarget;
			buildConfigurationList = 27F660F420B8110100083E7E /* Build configuration list for PBXNativeTarget "Animation" */;
			buildPhases = (
				722372B64D3DDC7284F39B28 /* [CP] Check Pods Manifest.lock */,
				27F660DB20B8110100083E7E /* Sources */,
				27F660DC20B8110100083E7E /* Frameworks */,
				27F660DD20B8110100083E7E /* Headers */,
				27F660DE20B8110100083E7E /* Resources */,
			);
			buildRules = (
			);
			dependencies = (
			);
			name = Animation;
			productName = Animation;
			productReference = 27F660E020B8110100083E7E /* Animation.framework */;
			productType = "com.apple.product-type.framework";
		};
		27F660E820B8110100083E7E /* AnimationTests */ = {
			isa = PBXNativeTarget;
			buildConfigurationList = 27F660F720B8110100083E7E /* Build configuration list for PBXNativeTarget "AnimationTests" */;
			buildPhases = (
				42CDD07F311EDA4A324D9BB9 /* [CP] Check Pods Manifest.lock */,
				27F660E520B8110100083E7E /* Sources */,
				27F660E620B8110100083E7E /* Frameworks */,
				27F660E720B8110100083E7E /* Resources */,
				DF656B1DEDF87A56FE5FAA54 /* [CP] Embed Pods Frameworks */,
			);
			buildRules = (
			);
			dependencies = (
				27F660EC20B8110100083E7E /* PBXTargetDependency */,
			);
			name = AnimationTests;
			productName = AnimationTests;
			productReference = 27F660E920B8110100083E7E /* AnimationTests.xctest */;
			productType = "com.apple.product-type.bundle.unit-test";
		};
/* End PBXNativeTarget section */

/* Begin PBXProject section */
		27F660D720B8110100083E7E /* Project object */ = {
			isa = PBXProject;
			attributes = {
				LastSwiftUpdateCheck = 0930;
				LastUpgradeCheck = 0930;
				ORGANIZATIONNAME = arsenkin;
				TargetAttributes = {
					27F660DF20B8110100083E7E = {
						CreatedOnToolsVersion = 9.3.1;
						LastSwiftMigration = 0930;
					};
					27F660E820B8110100083E7E = {
						CreatedOnToolsVersion = 9.3.1;
					};
				};
			};
			buildConfigurationList = 27F660DA20B8110100083E7E /* Build configuration list for PBXProject "Animation" */;
			compatibilityVersion = "Xcode 9.3";
			developmentRegion = en;
			hasScannedForEncodings = 0;
			knownRegions = (
				en,
			);
			mainGroup = 27F660D620B8110100083E7E;
			productRefGroup = 27F660E120B8110100083E7E /* Products */;
			projectDirPath = "";
			projectRoot = "";
			targets = (
				27F660DF20B8110100083E7E /* Animation */,
				27F660E820B8110100083E7E /* AnimationTests */,
			);
		};
/* End PBXProject section */

/* Begin PBXResourcesBuildPhase section */
		27F660DE20B8110100083E7E /* Resources */ = {
			isa = PBXResourcesBuildPhase;
			buildActionMask = 2147483647;
			files = (
				274B247720B8145700404890 /* Boat_Loader.json in Resources */,
				271FB74120B81AE900582D3D /* Jam-Common-Framework.xcconfig in Resources */,
			);
			runOnlyForDeploymentPostprocessing = 0;
		};
		27F660E720B8110100083E7E /* Resources */ = {
			isa = PBXResourcesBuildPhase;
			buildActionMask = 2147483647;
			files = (
			);
			runOnlyForDeploymentPostprocessing = 0;
		};
/* End PBXResourcesBuildPhase section */

/* Begin PBXShellScriptBuildPhase section */
		42CDD07F311EDA4A324D9BB9 /* [CP] Check Pods Manifest.lock */ = {
			isa = PBXShellScriptBuildPhase;
			buildActionMask = 2147483647;
			files = (
			);
			inputPaths = (
				"${PODS_PODFILE_DIR_PATH}/Podfile.lock",
				"${PODS_ROOT}/Manifest.lock",
			);
			name = "[CP] Check Pods Manifest.lock";
			outputPaths = (
				"$(DERIVED_FILE_DIR)/Pods-AnimationTests-checkManifestLockResult.txt",
			);
			runOnlyForDeploymentPostprocessing = 0;
			shellPath = /bin/sh;
			shellScript = "diff \"${PODS_PODFILE_DIR_PATH}/Podfile.lock\" \"${PODS_ROOT}/Manifest.lock\" > /dev/null\nif [ $? != 0 ] ; then\n    # print error to STDERR\n    echo \"error: The sandbox is not in sync with the Podfile.lock. Run 'pod install' or update your CocoaPods installation.\" >&2\n    exit 1\nfi\n# This output is used by Xcode 'outputs' to avoid re-running this script phase.\necho \"SUCCESS\" > \"${SCRIPT_OUTPUT_FILE_0}\"\n";
			showEnvVarsInLog = 0;
		};
		722372B64D3DDC7284F39B28 /* [CP] Check Pods Manifest.lock */ = {
			isa = PBXShellScriptBuildPhase;
			buildActionMask = 2147483647;
			files = (
			);
			inputPaths = (
				"${PODS_PODFILE_DIR_PATH}/Podfile.lock",
				"${PODS_ROOT}/Manifest.lock",
			);
			name = "[CP] Check Pods Manifest.lock";
			outputPaths = (
				"$(DERIVED_FILE_DIR)/Pods-Animation-checkManifestLockResult.txt",
			);
			runOnlyForDeploymentPostprocessing = 0;
			shellPath = /bin/sh;
			shellScript = "diff \"${PODS_PODFILE_DIR_PATH}/Podfile.lock\" \"${PODS_ROOT}/Manifest.lock\" > /dev/null\nif [ $? != 0 ] ; then\n    # print error to STDERR\n    echo \"error: The sandbox is not in sync with the Podfile.lock. Run 'pod install' or update your CocoaPods installation.\" >&2\n    exit 1\nfi\n# This output is used by Xcode 'outputs' to avoid re-running this script phase.\necho \"SUCCESS\" > \"${SCRIPT_OUTPUT_FILE_0}\"\n";
			showEnvVarsInLog = 0;
		};
		DF656B1DEDF87A56FE5FAA54 /* [CP] Embed Pods Frameworks */ = {
			isa = PBXShellScriptBuildPhase;
			buildActionMask = 2147483647;
			files = (
			);
			inputPaths = (
				"${SRCROOT}/../Pods/Target Support Files/Pods-AnimationTests/Pods-AnimationTests-frameworks.sh",
				"${BUILT_PRODUCTS_DIR}/lottie-ios/Lottie.framework",
			);
			name = "[CP] Embed Pods Frameworks";
			outputPaths = (
				"${TARGET_BUILD_DIR}/${FRAMEWORKS_FOLDER_PATH}/Lottie.framework",
			);
			runOnlyForDeploymentPostprocessing = 0;
			shellPath = /bin/sh;
			shellScript = "\"${SRCROOT}/../Pods/Target Support Files/Pods-AnimationTests/Pods-AnimationTests-frameworks.sh\"\n";
			showEnvVarsInLog = 0;
		};
/* End PBXShellScriptBuildPhase section */

/* Begin PBXSourcesBuildPhase section */
		27F660DB20B8110100083E7E /* Sources */ = {
			isa = PBXSourcesBuildPhase;
			buildActionMask = 2147483647;
			files = (
				274B247520B8125700404890 /* AnimationManager.swift in Sources */,
				271FB74520B81BA400582D3D /* ObjectiveC.m in Sources */,
			);
			runOnlyForDeploymentPostprocessing = 0;
		};
		27F660E520B8110100083E7E /* Sources */ = {
			isa = PBXSourcesBuildPhase;
			buildActionMask = 2147483647;
			files = (
				27F660EF20B8110100083E7E /* AnimationTests.swift in Sources */,
			);
			runOnlyForDeploymentPostprocessing = 0;
		};
/* End PBXSourcesBuildPhase section */

/* Begin PBXTargetDependency section */
		27F660EC20B8110100083E7E /* PBXTargetDependency */ = {
			isa = PBXTargetDependency;
			target = 27F660DF20B8110100083E7E /* Animation */;
			targetProxy = 27F660EB20B8110100083E7E /* PBXContainerItemProxy */;
		};
/* End PBXTargetDependency section */

/* Begin XCBuildConfiguration section */
		27F660F220B8110100083E7E /* Debug */ = {
			isa = XCBuildConfiguration;
			baseConfigurationReference = 271FB74020B81AE900582D3D /* Jam-Common-Framework.xcconfig */;
			buildSettings = {
				ALWAYS_SEARCH_USER_PATHS = NO;
				CLANG_ANALYZER_NONNULL = YES;
				CLANG_ANALYZER_NUMBER_OBJECT_CONVERSION = YES_AGGRESSIVE;
				CLANG_CXX_LANGUAGE_STANDARD = "gnu++14";
				CLANG_CXX_LIBRARY = "libc++";
				CLANG_ENABLE_MODULES = YES;
				CLANG_ENABLE_OBJC_ARC = YES;
				CLANG_ENABLE_OBJC_WEAK = YES;
				CLANG_WARN_BLOCK_CAPTURE_AUTORELEASING = YES;
				CLANG_WARN_BOOL_CONVERSION = YES;
				CLANG_WARN_COMMA = YES;
				CLANG_WARN_CONSTANT_CONVERSION = YES;
				CLANG_WARN_DEPRECATED_OBJC_IMPLEMENTATIONS = YES;
				CLANG_WARN_DIRECT_OBJC_ISA_USAGE = YES_ERROR;
				CLANG_WARN_DOCUMENTATION_COMMENTS = YES;
				CLANG_WARN_EMPTY_BODY = YES;
				CLANG_WARN_ENUM_CONVERSION = YES;
				CLANG_WARN_INFINITE_RECURSION = YES;
				CLANG_WARN_INT_CONVERSION = YES;
				CLANG_WARN_NON_LITERAL_NULL_CONVERSION = YES;
				CLANG_WARN_OBJC_IMPLICIT_RETAIN_SELF = YES;
				CLANG_WARN_OBJC_LITERAL_CONVERSION = YES;
				CLANG_WARN_OBJC_ROOT_CLASS = YES_ERROR;
				CLANG_WARN_RANGE_LOOP_ANALYSIS = YES;
				CLANG_WARN_STRICT_PROTOTYPES = YES;
				CLANG_WARN_SUSPICIOUS_MOVE = YES;
				CLANG_WARN_UNGUARDED_AVAILABILITY = YES_AGGRESSIVE;
				CLANG_WARN_UNREACHABLE_CODE = YES;
				CLANG_WARN__DUPLICATE_METHOD_MATCH = YES;
				CODE_SIGN_IDENTITY = "iPhone Developer";
				COPY_PHASE_STRIP = NO;
				CURRENT_PROJECT_VERSION = 1;
				DEBUG_INFORMATION_FORMAT = dwarf;
				ENABLE_STRICT_OBJC_MSGSEND = YES;
				ENABLE_TESTABILITY = YES;
				GCC_C_LANGUAGE_STANDARD = gnu11;
				GCC_DYNAMIC_NO_PIC = NO;
				GCC_NO_COMMON_BLOCKS = YES;
				GCC_OPTIMIZATION_LEVEL = 0;
				GCC_PREPROCESSOR_DEFINITIONS = (
					"DEBUG=1",
					"$(inherited)",
				);
				GCC_WARN_64_TO_32_BIT_CONVERSION = YES;
				GCC_WARN_ABOUT_RETURN_TYPE = YES_ERROR;
				GCC_WARN_UNDECLARED_SELECTOR = YES;
				GCC_WARN_UNINITIALIZED_AUTOS = YES_AGGRESSIVE;
				GCC_WARN_UNUSED_FUNCTION = YES;
				GCC_WARN_UNUSED_VARIABLE = YES;
				MTL_ENABLE_DEBUG_INFO = YES;
				ONLY_ACTIVE_ARCH = YES;
				SDKROOT = iphoneos;
				SWIFT_ACTIVE_COMPILATION_CONDITIONS = DEBUG;
				SWIFT_OPTIMIZATION_LEVEL = "-Onone";
				VERSIONING_SYSTEM = "apple-generic";
				VERSION_INFO_PREFIX = "";
			};
			name = Debug;
		};
		27F660F320B8110100083E7E /* Release */ = {
			isa = XCBuildConfiguration;
			baseConfigurationReference = 271FB74020B81AE900582D3D /* Jam-Common-Framework.xcconfig */;
			buildSettings = {
				ALWAYS_SEARCH_USER_PATHS = NO;
				CLANG_ANALYZER_NONNULL = YES;
				CLANG_ANALYZER_NUMBER_OBJECT_CONVERSION = YES_AGGRESSIVE;
				CLANG_CXX_LANGUAGE_STANDARD = "gnu++14";
				CLANG_CXX_LIBRARY = "libc++";
				CLANG_ENABLE_MODULES = YES;
				CLANG_ENABLE_OBJC_ARC = YES;
				CLANG_ENABLE_OBJC_WEAK = YES;
				CLANG_WARN_BLOCK_CAPTURE_AUTORELEASING = YES;
				CLANG_WARN_BOOL_CONVERSION = YES;
				CLANG_WARN_COMMA = YES;
				CLANG_WARN_CONSTANT_CONVERSION = YES;
				CLANG_WARN_DEPRECATED_OBJC_IMPLEMENTATIONS = YES;
				CLANG_WARN_DIRECT_OBJC_ISA_USAGE = YES_ERROR;
				CLANG_WARN_DOCUMENTATION_COMMENTS = YES;
				CLANG_WARN_EMPTY_BODY = YES;
				CLANG_WARN_ENUM_CONVERSION = YES;
				CLANG_WARN_INFINITE_RECURSION = YES;
				CLANG_WARN_INT_CONVERSION = YES;
				CLANG_WARN_NON_LITERAL_NULL_CONVERSION = YES;
				CLANG_WARN_OBJC_IMPLICIT_RETAIN_SELF = YES;
				CLANG_WARN_OBJC_LITERAL_CONVERSION = YES;
				CLANG_WARN_OBJC_ROOT_CLASS = YES_ERROR;
				CLANG_WARN_RANGE_LOOP_ANALYSIS = YES;
				CLANG_WARN_STRICT_PROTOTYPES = YES;
				CLANG_WARN_SUSPICIOUS_MOVE = YES;
				CLANG_WARN_UNGUARDED_AVAILABILITY = YES_AGGRESSIVE;
				CLANG_WARN_UNREACHABLE_CODE = YES;
				CLANG_WARN__DUPLICATE_METHOD_MATCH = YES;
				CODE_SIGN_IDENTITY = "iPhone Developer";
				COPY_PHASE_STRIP = NO;
				CURRENT_PROJECT_VERSION = 1;
				DEBUG_INFORMATION_FORMAT = "dwarf-with-dsym";
				ENABLE_NS_ASSERTIONS = NO;
				ENABLE_STRICT_OBJC_MSGSEND = YES;
				GCC_C_LANGUAGE_STANDARD = gnu11;
				GCC_NO_COMMON_BLOCKS = YES;
				GCC_WARN_64_TO_32_BIT_CONVERSION = YES;
				GCC_WARN_ABOUT_RETURN_TYPE = YES_ERROR;
				GCC_WARN_UNDECLARED_SELECTOR = YES;
				GCC_WARN_UNINITIALIZED_AUTOS = YES_AGGRESSIVE;
				GCC_WARN_UNUSED_FUNCTION = YES;
				GCC_WARN_UNUSED_VARIABLE = YES;
				MTL_ENABLE_DEBUG_INFO = NO;
				SDKROOT = iphoneos;
				SWIFT_COMPILATION_MODE = wholemodule;
				SWIFT_OPTIMIZATION_LEVEL = "-O";
				VALIDATE_PRODUCT = YES;
				VERSIONING_SYSTEM = "apple-generic";
				VERSION_INFO_PREFIX = "";
			};
			name = Release;
		};
		27F660F520B8110100083E7E /* Debug */ = {
			isa = XCBuildConfiguration;
			baseConfigurationReference = 2D9DCC81CFA56966D4960E57 /* Pods-Animation.debug.xcconfig */;
			buildSettings = {
				CLANG_ENABLE_MODULES = YES;
				CODE_SIGN_IDENTITY = "";
				CODE_SIGN_STYLE = Automatic;
				DEFINES_MODULE = YES;
				DEVELOPMENT_TEAM = 62PR48H35C;
				DYLIB_COMPATIBILITY_VERSION = 1;
				DYLIB_CURRENT_VERSION = 1;
				DYLIB_INSTALL_NAME_BASE = "@rpath";
				INFOPLIST_FILE = Animation/Info.plist;
				INSTALL_PATH = "$(LOCAL_LIBRARY_DIR)/Frameworks";
				IPHONEOS_DEPLOYMENT_TARGET = 11.3;
				LD_RUNPATH_SEARCH_PATHS = (
					"$(inherited)",
					"@executable_path/Frameworks",
					"@loader_path/Frameworks",
				);
				PRODUCT_BUNDLE_IDENTIFIER = com.arsenkin.Animation;
				PRODUCT_NAME = "$(TARGET_NAME:c99extidentifier)";
				SKIP_INSTALL = YES;
				SWIFT_OPTIMIZATION_LEVEL = "-Onone";
				SWIFT_VERSION = 4.0;
				TARGETED_DEVICE_FAMILY = "1,2";
			};
			name = Debug;
		};
		27F660F620B8110100083E7E /* Release */ = {
			isa = XCBuildConfiguration;
			baseConfigurationReference = 4EDD6384DBDD6A5522C61D51 /* Pods-Animation.release.xcconfig */;
			buildSettings = {
				CLANG_ENABLE_MODULES = YES;
				CODE_SIGN_IDENTITY = "";
				CODE_SIGN_STYLE = Automatic;
				DEFINES_MODULE = YES;
				DEVELOPMENT_TEAM = 62PR48H35C;
				DYLIB_COMPATIBILITY_VERSION = 1;
				DYLIB_CURRENT_VERSION = 1;
				DYLIB_INSTALL_NAME_BASE = "@rpath";
				INFOPLIST_FILE = Animation/Info.plist;
				INSTALL_PATH = "$(LOCAL_LIBRARY_DIR)/Frameworks";
				IPHONEOS_DEPLOYMENT_TARGET = 11.3;
				LD_RUNPATH_SEARCH_PATHS = (
					"$(inherited)",
					"@executable_path/Frameworks",
					"@loader_path/Frameworks",
				);
				PRODUCT_BUNDLE_IDENTIFIER = com.arsenkin.Animation;
				PRODUCT_NAME = "$(TARGET_NAME:c99extidentifier)";
				SKIP_INSTALL = YES;
				SWIFT_VERSION = 4.0;
				TARGETED_DEVICE_FAMILY = "1,2";
			};
			name = Release;
		};
		27F660F820B8110100083E7E /* Debug */ = {
			isa = XCBuildConfiguration;
			baseConfigurationReference = F92700B93561309715D07B22 /* Pods-AnimationTests.debug.xcconfig */;
			buildSettings = {
				ALWAYS_EMBED_SWIFT_STANDARD_LIBRARIES = YES;
				CODE_SIGN_STYLE = Automatic;
				DEVELOPMENT_TEAM = 62PR48H35C;
				INFOPLIST_FILE = AnimationTests/Info.plist;
				LD_RUNPATH_SEARCH_PATHS = (
					"$(inherited)",
					"@executable_path/Frameworks",
					"@loader_path/Frameworks",
				);
				PRODUCT_BUNDLE_IDENTIFIER = com.arsenkin.AnimationTests;
				PRODUCT_NAME = "$(TARGET_NAME)";
				SWIFT_VERSION = 4.0;
				TARGETED_DEVICE_FAMILY = "1,2";
			};
			name = Debug;
		};
		27F660F920B8110100083E7E /* Release */ = {
			isa = XCBuildConfiguration;
			baseConfigurationReference = 2F5099112A85C2B5BF3B0C97 /* Pods-AnimationTests.release.xcconfig */;
			buildSettings = {
				ALWAYS_EMBED_SWIFT_STANDARD_LIBRARIES = YES;
				CODE_SIGN_STYLE = Automatic;
				DEVELOPMENT_TEAM = 62PR48H35C;
				INFOPLIST_FILE = AnimationTests/Info.plist;
				LD_RUNPATH_SEARCH_PATHS = (
					"$(inherited)",
					"@executable_path/Frameworks",
					"@loader_path/Frameworks",
				);
				PRODUCT_BUNDLE_IDENTIFIER = com.arsenkin.AnimationTests;
				PRODUCT_NAME = "$(TARGET_NAME)";
				SWIFT_VERSION = 4.0;
				TARGETED_DEVICE_FAMILY = "1,2";
			};
			name = Release;
		};
/* End XCBuildConfiguration section */

/* Begin XCConfigurationList section */
		27F660DA20B8110100083E7E /* Build configuration list for PBXProject "Animation" */ = {
			isa = XCConfigurationList;
			buildConfigurations = (
				27F660F220B8110100083E7E /* Debug */,
				27F660F320B8110100083E7E /* Release */,
			);
			defaultConfigurationIsVisible = 0;
			defaultConfigurationName = Release;
		};
		27F660F420B8110100083E7E /* Build configuration list for PBXNativeTarget "Animation" */ = {
			isa = XCConfigurationList;
			buildConfigurations = (
				27F660F520B8110100083E7E /* Debug */,
				27F660F620B8110100083E7E /* Release */,
			);
			defaultConfigurationIsVisible = 0;
			defaultConfigurationName = Release;
		};
		27F660F720B8110100083E7E /* Build configuration list for PBXNativeTarget "AnimationTests" */ = {
			isa = XCConfigurationList;
			buildConfigurations = (
				27F660F820B8110100083E7E /* Debug */,
				27F660F920B8110100083E7E /* Release */,
			);
			defaultConfigurationIsVisible = 0;
			defaultConfigurationName = Release;
		};
/* End XCConfigurationList section */
	};
	rootObject = 27F660D720B8110100083E7E /* Project object */;
}
